{
  "originHash" : "0ed1a20ef167ff6bbd7e233d8316ce8089f144b9619fb921d55eb1b69ffdfd4c",
  "pins" : [
    {
      "identity" : "rive-ios",
      "kind" : "remoteSourceControl",
      "location" : "https://github.com/rive-app/rive-ios",
      "state" : {
        "revision" : "4f642ff5ceba3a6629ecb4d94fd3616886f583f0",
        "version" : "6.9.4"
      }
    }
  ],
  "version" : 3
}
